// !$*UTF8*$!
{
	archiveVersion = 1;
	classes = {
	};
	objectVersion = 56;
	objects = {

/* Begin PBXBuildFile section */
		CEA2B84E2BD0DA3E003BE917 /* MontraDevApp.swift in Sources */ = {isa = PBXBuildFile; fileRef = CEA2B84D2BD0DA3E003BE917 /* MontraDevApp.swift */; };
		CEA2B8502BD0DA3E003BE917 /* ContentView.swift in Sources */ = {isa = PBXBuildFile; fileRef = CEA2B84F2BD0DA3E003BE917 /* ContentView.swift */; };
		CEA2B8522BD0DA3F003BE917 /* Assets.xcassets in Resources */ = {isa = PBXBuildFile; fileRef = CEA2B8512BD0DA3F003BE917 /* Assets.xcassets */; };
		CEA2B8552BD0DA3F003BE917 /* Preview Assets.xcassets in Resources */ = {isa = PBXBuildFile; fileRef = CEA2B8542BD0DA3F003BE917 /* Preview Assets.xcassets */; };
		CEA2B8612BD0DB4F003BE917 /* LaunchScreen.storyboard in Resources */ = {isa = PBXBuildFile; fileRef = CEA2B8602BD0DB4F003BE917 /* LaunchScreen.storyboard */; };
		CEA2B86C2BD0F8F9003BE917 /* Inter-Thin.ttf in Resources */ = {isa = PBXBuildFile; fileRef = CEA2B8632BD0F8F9003BE917 /* Inter-Thin.ttf */; };
		CEA2B86D2BD0F8F9003BE917 /* Inter-Bold.ttf in Resources */ = {isa = PBXBuildFile; fileRef = CEA2B8642BD0F8F9003BE917 /* Inter-Bold.ttf */; };
		CEA2B86E2BD0F8F9003BE917 /* Inter-Medium.ttf in Resources */ = {isa = PBXBuildFile; fileRef = CEA2B8652BD0F8F9003BE917 /* Inter-Medium.ttf */; };
		CEA2B86F2BD0F8F9003BE917 /* Inter-ExtraBold.ttf in Resources */ = {isa = PBXBuildFile; fileRef = CEA2B8662BD0F8F9003BE917 /* Inter-ExtraBold.ttf */; };
		CEA2B8702BD0F8F9003BE917 /* Inter-ExtraLight.ttf in Resources */ = {isa = PBXBuildFile; fileRef = CEA2B8672BD0F8F9003BE917 /* Inter-ExtraLight.ttf */; };
		CEA2B8712BD0F8F9003BE917 /* Inter-Light.ttf in Resources */ = {isa = PBXBuildFile; fileRef = CEA2B8682BD0F8F9003BE917 /* Inter-Light.ttf */; };
		CEA2B8722BD0F8F9003BE917 /* Inter-SemiBold.ttf in Resources */ = {isa = PBXBuildFile; fileRef = CEA2B8692BD0F8F9003BE917 /* Inter-SemiBold.ttf */; };
		CEA2B8732BD0F8F9003BE917 /* Inter-Black.ttf in Resources */ = {isa = PBXBuildFile; fileRef = CEA2B86A2BD0F8F9003BE917 /* Inter-Black.ttf */; };
		CEA2B8742BD0F8F9003BE917 /* Inter-Regular.ttf in Resources */ = {isa = PBXBuildFile; fileRef = CEA2B86B2BD0F8F9003BE917 /* Inter-Regular.ttf */; };
		CEA2B8782BD0FC78003BE917 /* Onboarding.swift in Sources */ = {isa = PBXBuildFile; fileRef = CEA2B8772BD0FC78003BE917 /* Onboarding.swift */; };
		CEA2B87B2BD0FEF9003BE917 /* OnboardingSingleView.swift in Sources */ = {isa = PBXBuildFile; fileRef = CEA2B87A2BD0FEF9003BE917 /* OnboardingSingleView.swift */; };
		CEA2B87D2BD10155003BE917 /* OnboardingView.swift in Sources */ = {isa = PBXBuildFile; fileRef = CEA2B87C2BD10155003BE917 /* OnboardingView.swift */; };
		CEA2B87F2BD105FD003BE917 /* CustomDotIndicator.swift in Sources */ = {isa = PBXBuildFile; fileRef = CEA2B87E2BD105FD003BE917 /* CustomDotIndicator.swift */; };
/* End PBXBuildFile section */

/* Begin PBXFileReference section */
		CEA2B84A2BD0DA3E003BE917 /* MontraDev.app */ = {isa = PBXFileReference; explicitFileType = wrapper.application; includeInIndex = 0; path = MontraDev.app; sourceTree = BUILT_PRODUCTS_DIR; };
		CEA2B84D2BD0DA3E003BE917 /* MontraDevApp.swift */ = {isa = PBXFileReference; lastKnownFileType = sourcecode.swift; path = MontraDevApp.swift; sourceTree = "<group>"; };
		CEA2B84F2BD0DA3E003BE917 /* ContentView.swift */ = {isa = PBXFileReference; lastKnownFileType = sourcecode.swift; path = ContentView.swift; sourceTree = "<group>"; };
		CEA2B8512BD0DA3F003BE917 /* Assets.xcassets */ = {isa = PBXFileReference; lastKnownFileType = folder.assetcatalog; path = Assets.xcassets; sourceTree = "<group>"; };
		CEA2B8542BD0DA3F003BE917 /* Preview Assets.xcassets */ = {isa = PBXFileReference; lastKnownFileType = folder.assetcatalog; path = "Preview Assets.xcassets"; sourceTree = "<group>"; };
		CEA2B8602BD0DB4F003BE917 /* LaunchScreen.storyboard */ = {isa = PBXFileReference; lastKnownFileType = file.storyboard; path = LaunchScreen.storyboard; sourceTree = "<group>"; };
		CEA2B8632BD0F8F9003BE917 /* Inter-Thin.ttf */ = {isa = PBXFileReference; lastKnownFileType = file; path = "Inter-Thin.ttf"; sourceTree = "<group>"; };
		CEA2B8642BD0F8F9003BE917 /* Inter-Bold.ttf */ = {isa = PBXFileReference; lastKnownFileType = file; path = "Inter-Bold.ttf"; sourceTree = "<group>"; };
		CEA2B8652BD0F8F9003BE917 /* Inter-Medium.ttf */ = {isa = PBXFileReference; lastKnownFileType = file; path = "Inter-Medium.ttf"; sourceTree = "<group>"; };
		CEA2B8662BD0F8F9003BE917 /* Inter-ExtraBold.ttf */ = {isa = PBXFileReference; lastKnownFileType = file; path = "Inter-ExtraBold.ttf"; sourceTree = "<group>"; };
		CEA2B8672BD0F8F9003BE917 /* Inter-ExtraLight.ttf */ = {isa = PBXFileReference; lastKnownFileType = file; path = "Inter-ExtraLight.ttf"; sourceTree = "<group>"; };
		CEA2B8682BD0F8F9003BE917 /* Inter-Light.ttf */ = {isa = PBXFileReference; lastKnownFileType = file; path = "Inter-Light.ttf"; sourceTree = "<group>"; };
		CEA2B8692BD0F8F9003BE917 /* Inter-SemiBold.ttf */ = {isa = PBXFileReference; lastKnownFileType = file; path = "Inter-SemiBold.ttf"; sourceTree = "<group>"; };
		CEA2B86A2BD0F8F9003BE917 /* Inter-Black.ttf */ = {isa = PBXFileReference; lastKnownFileType = file; path = "Inter-Black.ttf"; sourceTree = "<group>"; };
		CEA2B86B2BD0F8F9003BE917 /* Inter-Regular.ttf */ = {isa = PBXFileReference; lastKnownFileType = file; path = "Inter-Regular.ttf"; sourceTree = "<group>"; };
		CEA2B8752BD0F9D6003BE917 /* Info.plist */ = {isa = PBXFileReference; lastKnownFileType = text.plist; path = Info.plist; sourceTree = "<group>"; };
		CEA2B8772BD0FC78003BE917 /* Onboarding.swift */ = {isa = PBXFileReference; lastKnownFileType = sourcecode.swift; path = Onboarding.swift; sourceTree = "<group>"; };
		CEA2B87A2BD0FEF9003BE917 /* OnboardingSingleView.swift */ = {isa = PBXFileReference; lastKnownFileType = sourcecode.swift; path = OnboardingSingleView.swift; sourceTree = "<group>"; };
		CEA2B87C2BD10155003BE917 /* OnboardingView.swift */ = {isa = PBXFileReference; lastKnownFileType = sourcecode.swift; path = OnboardingView.swift; sourceTree = "<group>"; };
		CEA2B87E2BD105FD003BE917 /* CustomDotIndicator.swift */ = {isa = PBXFileReference; lastKnownFileType = sourcecode.swift; path = CustomDotIndicator.swift; sourceTree = "<group>"; };
/* End PBXFileReference section */

/* Begin PBXFrameworksBuildPhase section */
		CEA2B8472BD0DA3E003BE917 /* Frameworks */ = {
			isa = PBXFrameworksBuildPhase;
			buildActionMask = 2147483647;
			files = (
			);
			runOnlyForDeploymentPostprocessing = 0;
		};
/* End PBXFrameworksBuildPhase section */

/* Begin PBXGroup section */
		CEA2B8412BD0DA3E003BE917 = {
			isa = PBXGroup;
			children = (
				CEA2B84C2BD0DA3E003BE917 /* MontraDev */,
				CEA2B84B2BD0DA3E003BE917 /* Products */,
			);
			sourceTree = "<group>";
		};
		CEA2B84B2BD0DA3E003BE917 /* Products */ = {
			isa = PBXGroup;
			children = (
				CEA2B84A2BD0DA3E003BE917 /* MontraDev.app */,
			);
			name = Products;
			sourceTree = "<group>";
		};
		CEA2B84C2BD0DA3E003BE917 /* MontraDev */ = {
			isa = PBXGroup;
			children = (
				CEA2B8762BD0FC5B003BE917 /* Model */,
				CEA2B8752BD0F9D6003BE917 /* Info.plist */,
				CEA2B85E2BD0DA5A003BE917 /* App */,
				CEA2B85D2BD0DA54003BE917 /* View */,
				CEA2B85C2BD0DA4B003BE917 /* Resources */,
				CEA2B8532BD0DA3F003BE917 /* Preview Content */,
			);
			path = MontraDev;
			sourceTree = "<group>";
		};
		CEA2B8532BD0DA3F003BE917 /* Preview Content */ = {
			isa = PBXGroup;
			children = (
				CEA2B8542BD0DA3F003BE917 /* Preview Assets.xcassets */,
			);
			path = "Preview Content";
			sourceTree = "<group>";
		};
		CEA2B85C2BD0DA4B003BE917 /* Resources */ = {
			isa = PBXGroup;
			children = (
				CEA2B8622BD0F84F003BE917 /* Font */,
				CEA2B8512BD0DA3F003BE917 /* Assets.xcassets */,
			);
			path = Resources;
			sourceTree = "<group>";
		};
		CEA2B85D2BD0DA54003BE917 /* View */ = {
			isa = PBXGroup;
			children = (
				CEA2B8792BD0FEDA003BE917 /* Component */,
				CEA2B85F2BD0DB0F003BE917 /* Launch */,
				CEA2B84F2BD0DA3E003BE917 /* ContentView.swift */,
				CEA2B87C2BD10155003BE917 /* OnboardingView.swift */,
			);
			path = View;
			sourceTree = "<group>";
		};
		CEA2B85E2BD0DA5A003BE917 /* App */ = {
			isa = PBXGroup;
			children = (
				CEA2B84D2BD0DA3E003BE917 /* MontraDevApp.swift */,
			);
			path = App;
			sourceTree = "<group>";
		};
		CEA2B85F2BD0DB0F003BE917 /* Launch */ = {
			isa = PBXGroup;
			children = (
				CEA2B8602BD0DB4F003BE917 /* LaunchScreen.storyboard */,
			);
			path = Launch;
			sourceTree = "<group>";
		};
		CEA2B8622BD0F84F003BE917 /* Font */ = {
			isa = PBXGroup;
			children = (
				CEA2B86A2BD0F8F9003BE917 /* Inter-Black.ttf */,
				CEA2B8642BD0F8F9003BE917 /* Inter-Bold.ttf */,
				CEA2B8662BD0F8F9003BE917 /* Inter-ExtraBold.ttf */,
				CEA2B8672BD0F8F9003BE917 /* Inter-ExtraLight.ttf */,
				CEA2B8682BD0F8F9003BE917 /* Inter-Light.ttf */,
				CEA2B8652BD0F8F9003BE917 /* Inter-Medium.ttf */,
				CEA2B86B2BD0F8F9003BE917 /* Inter-Regular.ttf */,
				CEA2B8692BD0F8F9003BE917 /* Inter-SemiBold.ttf */,
				CEA2B8632BD0F8F9003BE917 /* Inter-Thin.ttf */,
			);
			path = Font;
			sourceTree = "<group>";
		};
		CEA2B8762BD0FC5B003BE917 /* Model */ = {
			isa = PBXGroup;
			children = (
				CEA2B8772BD0FC78003BE917 /* Onboarding.swift */,
			);
			path = Model;
			sourceTree = "<group>";
		};
		CEA2B8792BD0FEDA003BE917 /* Component */ = {
			isa = PBXGroup;
			children = (
				CEA2B87A2BD0FEF9003BE917 /* OnboardingSingleView.swift */,
				CEA2B87E2BD105FD003BE917 /* CustomDotIndicator.swift */,
			);
			path = Component;
			sourceTree = "<group>";
		};
/* End PBXGroup section */

/* Begin PBXNativeTarget section */
		CEA2B8492BD0DA3E003BE917 /* MontraDev */ = {
			isa = PBXNativeTarget;
			buildConfigurationList = CEA2B8582BD0DA3F003BE917 /* Build configuration list for PBXNativeTarget "MontraDev" */;
			buildPhases = (
				CEA2B8462BD0DA3E003BE917 /* Sources */,
				CEA2B8472BD0DA3E003BE917 /* Frameworks */,
				CEA2B8482BD0DA3E003BE917 /* Resources */,
			);
			buildRules = (
			);
			dependencies = (
			);
			name = MontraDev;
			productName = MontraDev;
			productReference = CEA2B84A2BD0DA3E003BE917 /* MontraDev.app */;
			productType = "com.apple.product-type.application";
		};
/* End PBXNativeTarget section */

/* Begin PBXProject section */
		CEA2B8422BD0DA3E003BE917 /* Project object */ = {
			isa = PBXProject;
			attributes = {
				BuildIndependentTargetsInParallel = 1;
				LastSwiftUpdateCheck = 1530;
				LastUpgradeCheck = 1530;
				TargetAttributes = {
					CEA2B8492BD0DA3E003BE917 = {
						CreatedOnToolsVersion = 15.3;
					};
				};
			};
			buildConfigurationList = CEA2B8452BD0DA3E003BE917 /* Build configuration list for PBXProject "MontraDev" */;
			compatibilityVersion = "Xcode 14.0";
			developmentRegion = en;
			hasScannedForEncodings = 0;
			knownRegions = (
				en,
				Base,
			);
			mainGroup = CEA2B8412BD0DA3E003BE917;
			productRefGroup = CEA2B84B2BD0DA3E003BE917 /* Products */;
			projectDirPath = "";
			projectRoot = "";
			targets = (
				CEA2B8492BD0DA3E003BE917 /* MontraDev */,
			);
		};
/* End PBXProject section */

/* Begin PBXResourcesBuildPhase section */
		CEA2B8482BD0DA3E003BE917 /* Resources */ = {
			isa = PBXResourcesBuildPhase;
			buildActionMask = 2147483647;
			files = (
				CEA2B86C2BD0F8F9003BE917 /* Inter-Thin.ttf in Resources */,
				CEA2B8712BD0F8F9003BE917 /* Inter-Light.ttf in Resources */,
				CEA2B86D2BD0F8F9003BE917 /* Inter-Bold.ttf in Resources */,
				CEA2B86E2BD0F8F9003BE917 /* Inter-Medium.ttf in Resources */,
				CEA2B8702BD0F8F9003BE917 /* Inter-ExtraLight.ttf in Resources */,
				CEA2B86F2BD0F8F9003BE917 /* Inter-ExtraBold.ttf in Resources */,
				CEA2B8732BD0F8F9003BE917 /* Inter-Black.ttf in Resources */,
				CEA2B8612BD0DB4F003BE917 /* LaunchScreen.storyboard in Resources */,
				CEA2B8552BD0DA3F003BE917 /* Preview Assets.xcassets in Resources */,
				CEA2B8722BD0F8F9003BE917 /* Inter-SemiBold.ttf in Resources */,
				CEA2B8742BD0F8F9003BE917 /* Inter-Regular.ttf in Resources */,
				CEA2B8522BD0DA3F003BE917 /* Assets.xcassets in Resources */,
			);
			runOnlyForDeploymentPostprocessing = 0;
		};
/* End PBXResourcesBuildPhase section */

/* Begin PBXSourcesBuildPhase section */
		CEA2B8462BD0DA3E003BE917 /* Sources */ = {
			isa = PBXSourcesBuildPhase;
			buildActionMask = 2147483647;
			files = (
				CEA2B8782BD0FC78003BE917 /* Onboarding.swift in Sources */,
				CEA2B87B2BD0FEF9003BE917 /* OnboardingSingleView.swift in Sources */,
				CEA2B87F2BD105FD003BE917 /* CustomDotIndicator.swift in Sources */,
				CEA2B8502BD0DA3E003BE917 /* ContentView.swift in Sources */,
				CEA2B87D2BD10155003BE917 /* OnboardingView.swift in Sources */,
				CEA2B84E2BD0DA3E003BE917 /* MontraDevApp.swift in Sources */,
			);
			runOnlyForDeploymentPostprocessing = 0;
		};
/* End PBXSourcesBuildPhase section */

/* Begin XCBuildConfiguration section */
		CEA2B8562BD0DA3F003BE917 /* Debug */ = {
			isa = XCBuildConfiguration;
			buildSettings = {
				ALWAYS_SEARCH_USER_PATHS = NO;
				ASSETCATALOG_COMPILER_GENERATE_SWIFT_ASSET_SYMBOL_EXTENSIONS = YES;
				CLANG_ANALYZER_NONNULL = YES;
				CLANG_ANALYZER_NUMBER_OBJECT_CONVERSION = YES_AGGRESSIVE;
				CLANG_CXX_LANGUAGE_STANDARD = "gnu++20";
				CLANG_ENABLE_MODULES = YES;
				CLANG_ENABLE_OBJC_ARC = YES;
				CLANG_ENABLE_OBJC_WEAK = YES;
				CLANG_WARN_BLOCK_CAPTURE_AUTORELEASING = YES;
				CLANG_WARN_BOOL_CONVERSION = YES;
				CLANG_WARN_COMMA = YES;
				CLANG_WARN_CONSTANT_CONVERSION = YES;
				CLANG_WARN_DEPRECATED_OBJC_IMPLEMENTATIONS = YES;
				CLANG_WARN_DIRECT_OBJC_ISA_USAGE = YES_ERROR;
				CLANG_WARN_DOCUMENTATION_COMMENTS = YES;
				CLANG_WARN_EMPTY_BODY = YES;
				CLANG_WARN_ENUM_CONVERSION = YES;
				CLANG_WARN_INFINITE_RECURSION = YES;
				CLANG_WARN_INT_CONVERSION = YES;
				CLANG_WARN_NON_LITERAL_NULL_CONVERSION = YES;
				CLANG_WARN_OBJC_IMPLICIT_RETAIN_SELF = YES;
				CLANG_WARN_OBJC_LITERAL_CONVERSION = YES;
				CLANG_WARN_OBJC_ROOT_CLASS = YES_ERROR;
				CLANG_WARN_QUOTED_INCLUDE_IN_FRAMEWORK_HEADER = YES;
				CLANG_WARN_RANGE_LOOP_ANALYSIS = YES;
				CLANG_WARN_STRICT_PROTOTYPES = YES;
				CLANG_WARN_SUSPICIOUS_MOVE = YES;
				CLANG_WARN_UNGUARDED_AVAILABILITY = YES_AGGRESSIVE;
				CLANG_WARN_UNREACHABLE_CODE = YES;
				CLANG_WARN__DUPLICATE_METHOD_MATCH = YES;
				COPY_PHASE_STRIP = NO;
				DEBUG_INFORMATION_FORMAT = dwarf;
				ENABLE_STRICT_OBJC_MSGSEND = YES;
				ENABLE_TESTABILITY = YES;
				ENABLE_USER_SCRIPT_SANDBOXING = YES;
				GCC_C_LANGUAGE_STANDARD = gnu17;
				GCC_DYNAMIC_NO_PIC = NO;
				GCC_NO_COMMON_BLOCKS = YES;
				GCC_OPTIMIZATION_LEVEL = 0;
				GCC_PREPROCESSOR_DEFINITIONS = (
					"DEBUG=1",
					"$(inherited)",
				);
				GCC_WARN_64_TO_32_BIT_CONVERSION = YES;
				GCC_WARN_ABOUT_RETURN_TYPE = YES_ERROR;
				GCC_WARN_UNDECLARED_SELECTOR = YES;
				GCC_WARN_UNINITIALIZED_AUTOS = YES_AGGRESSIVE;
				GCC_WARN_UNUSED_FUNCTION = YES;
				GCC_WARN_UNUSED_VARIABLE = YES;
				IPHONEOS_DEPLOYMENT_TARGET = 17.4;
				LOCALIZATION_PREFERS_STRING_CATALOGS = YES;
				MTL_ENABLE_DEBUG_INFO = INCLUDE_SOURCE;
				MTL_FAST_MATH = YES;
				ONLY_ACTIVE_ARCH = YES;
				SDKROOT = iphoneos;
				SWIFT_ACTIVE_COMPILATION_CONDITIONS = "DEBUG $(inherited)";
				SWIFT_OPTIMIZATION_LEVEL = "-Onone";
			};
			name = Debug;
		};
		CEA2B8572BD0DA3F003BE917 /* Release */ = {
			isa = XCBuildConfiguration;
			buildSettings = {
				ALWAYS_SEARCH_USER_PATHS = NO;
				ASSETCATALOG_COMPILER_GENERATE_SWIFT_ASSET_SYMBOL_EXTENSIONS = YES;
				CLANG_ANALYZER_NONNULL = YES;
				CLANG_ANALYZER_NUMBER_OBJECT_CONVERSION = YES_AGGRESSIVE;
				CLANG_CXX_LANGUAGE_STANDARD = "gnu++20";
				CLANG_ENABLE_MODULES = YES;
				CLANG_ENABLE_OBJC_ARC = YES;
				CLANG_ENABLE_OBJC_WEAK = YES;
				CLANG_WARN_BLOCK_CAPTURE_AUTORELEASING = YES;
				CLANG_WARN_BOOL_CONVERSION = YES;
				CLANG_WARN_COMMA = YES;
				CLANG_WARN_CONSTANT_CONVERSION = YES;
				CLANG_WARN_DEPRECATED_OBJC_IMPLEMENTATIONS = YES;
				CLANG_WARN_DIRECT_OBJC_ISA_USAGE = YES_ERROR;
				CLANG_WARN_DOCUMENTATION_COMMENTS = YES;
				CLANG_WARN_EMPTY_BODY = YES;
				CLANG_WARN_ENUM_CONVERSION = YES;
				CLANG_WARN_INFINITE_RECURSION = YES;
				CLANG_WARN_INT_CONVERSION = YES;
				CLANG_WARN_NON_LITERAL_NULL_CONVERSION = YES;
				CLANG_WARN_OBJC_IMPLICIT_RETAIN_SELF = YES;
				CLANG_WARN_OBJC_LITERAL_CONVERSION = YES;
				CLANG_WARN_OBJC_ROOT_CLASS = YES_ERROR;
				CLANG_WARN_QUOTED_INCLUDE_IN_FRAMEWORK_HEADER = YES;
				CLANG_WARN_RANGE_LOOP_ANALYSIS = YES;
				CLANG_WARN_STRICT_PROTOTYPES = YES;
				CLANG_WARN_SUSPICIOUS_MOVE = YES;
				CLANG_WARN_UNGUARDED_AVAILABILITY = YES_AGGRESSIVE;
				CLANG_WARN_UNREACHABLE_CODE = YES;
				CLANG_WARN__DUPLICATE_METHOD_MATCH = YES;
				COPY_PHASE_STRIP = NO;
				DEBUG_INFORMATION_FORMAT = "dwarf-with-dsym";
				ENABLE_NS_ASSERTIONS = NO;
				ENABLE_STRICT_OBJC_MSGSEND = YES;
				ENABLE_USER_SCRIPT_SANDBOXING = YES;
				GCC_C_LANGUAGE_STANDARD = gnu17;
				GCC_NO_COMMON_BLOCKS = YES;
				GCC_WARN_64_TO_32_BIT_CONVERSION = YES;
				GCC_WARN_ABOUT_RETURN_TYPE = YES_ERROR;
				GCC_WARN_UNDECLARED_SELECTOR = YES;
				GCC_WARN_UNINITIALIZED_AUTOS = YES_AGGRESSIVE;
				GCC_WARN_UNUSED_FUNCTION = YES;
				GCC_WARN_UNUSED_VARIABLE = YES;
				IPHONEOS_DEPLOYMENT_TARGET = 17.4;
				LOCALIZATION_PREFERS_STRING_CATALOGS = YES;
				MTL_ENABLE_DEBUG_INFO = NO;
				MTL_FAST_MATH = YES;
				SDKROOT = iphoneos;
				SWIFT_COMPILATION_MODE = wholemodule;
				VALIDATE_PRODUCT = YES;
			};
			name = Release;
		};
		CEA2B8592BD0DA3F003BE917 /* Debug */ = {
			isa = XCBuildConfiguration;
			buildSettings = {
				ASSETCATALOG_COMPILER_APPICON_NAME = AppIcon;
				ASSETCATALOG_COMPILER_GLOBAL_ACCENT_COLOR_NAME = AccentColor;
				CODE_SIGN_STYLE = Automatic;
				CURRENT_PROJECT_VERSION = 1;
				DEVELOPMENT_ASSET_PATHS = "\"MontraDev/Preview Content\"";
				ENABLE_PREVIEWS = YES;
				GENERATE_INFOPLIST_FILE = YES;
				INFOPLIST_FILE = MontraDev/Info.plist;
				INFOPLIST_KEY_UIApplicationSceneManifest_Generation = YES;
				INFOPLIST_KEY_UIApplicationSupportsIndirectInputEvents = YES;
				INFOPLIST_KEY_UILaunchScreen_Generation = YES;
				INFOPLIST_KEY_UILaunchStoryboardName = LaunchScreen.storyboard;
				INFOPLIST_KEY_UISupportedInterfaceOrientations_iPad = "UIInterfaceOrientationPortrait UIInterfaceOrientationPortraitUpsideDown UIInterfaceOrientationLandscapeLeft UIInterfaceOrientationLandscapeRight";
				INFOPLIST_KEY_UISupportedInterfaceOrientations_iPhone = "UIInterfaceOrientationPortrait UIInterfaceOrientationLandscapeLeft UIInterfaceOrientationLandscapeRight";
				LD_RUNPATH_SEARCH_PATHS = (
					"$(inherited)",
					"@executable_path/Frameworks",
				);
				MARKETING_VERSION = 1.0;
				PRODUCT_BUNDLE_IDENTIFIER = com.mayna.MontraDev;
				PRODUCT_NAME = "$(TARGET_NAME)";
				SWIFT_EMIT_LOC_STRINGS = YES;
				SWIFT_VERSION = 5.0;
				TARGETED_DEVICE_FAMILY = "1,2";
			};
			name = Debug;
		};
		CEA2B85A2BD0DA3F003BE917 /* Release */ = {
			isa = XCBuildConfiguration;
			buildSettings = {
				ASSETCATALOG_COMPILER_APPICON_NAME = AppIcon;
				ASSETCATALOG_COMPILER_GLOBAL_ACCENT_COLOR_NAME = AccentColor;
				CODE_SIGN_STYLE = Automatic;
				CURRENT_PROJECT_VERSION = 1;
				DEVELOPMENT_ASSET_PATHS = "\"MontraDev/Preview Content\"";
				ENABLE_PREVIEWS = YES;
				GENERATE_INFOPLIST_FILE = YES;
				INFOPLIST_FILE = MontraDev/Info.plist;
				INFOPLIST_KEY_UIApplicationSceneManifest_Generation = YES;
				INFOPLIST_KEY_UIApplicationSupportsIndirectInputEvents = YES;
				INFOPLIST_KEY_UILaunchScreen_Generation = YES;
				INFOPLIST_KEY_UILaunchStoryboardName = LaunchScreen.storyboard;
				INFOPLIST_KEY_UISupportedInterfaceOrientations_iPad = "UIInterfaceOrientationPortrait UIInterfaceOrientationPortraitUpsideDown UIInterfaceOrientationLandscapeLeft UIInterfaceOrientationLandscapeRight";
				INFOPLIST_KEY_UISupportedInterfaceOrientations_iPhone = "UIInterfaceOrientationPortrait UIInterfaceOrientationLandscapeLeft UIInterfaceOrientationLandscapeRight";
				LD_RUNPATH_SEARCH_PATHS = (
					"$(inherited)",
					"@executable_path/Frameworks",
				);
				MARKETING_VERSION = 1.0;
				PRODUCT_BUNDLE_IDENTIFIER = com.mayna.MontraDev;
				PRODUCT_NAME = "$(TARGET_NAME)";
				SWIFT_EMIT_LOC_STRINGS = YES;
				SWIFT_VERSION = 5.0;
				TARGETED_DEVICE_FAMILY = "1,2";
			};
			name = Release;
		};
/* End XCBuildConfiguration section */

/* Begin XCConfigurationList section */
		CEA2B8452BD0DA3E003BE917 /* Build configuration list for PBXProject "MontraDev" */ = {
			isa = XCConfigurationList;
			buildConfigurations = (
				CEA2B8562BD0DA3F003BE917 /* Debug */,
				CEA2B8572BD0DA3F003BE917 /* Release */,
			);
			defaultConfigurationIsVisible = 0;
			defaultConfigurationName = Release;
		};
		CEA2B8582BD0DA3F003BE917 /* Build configuration list for PBXNativeTarget "MontraDev" */ = {
			isa = XCConfigurationList;
			buildConfigurations = (
				CEA2B8592BD0DA3F003BE917 /* Debug */,
				CEA2B85A2BD0DA3F003BE917 /* Release */,
			);
			defaultConfigurationIsVisible = 0;
			defaultConfigurationName = Release;
		};
/* End XCConfigurationList section */
	};
	rootObject = CEA2B8422BD0DA3E003BE917 /* Project object */;
}
